// !$*UTF8*$!
{
	archiveVersion = 1;
	classes = {
	};
	objectVersion = 50;
	objects = {

/* Begin PBXBuildFile section */
		704BCA6122FB134C0002CCDF /* AppDelegate.swift in Sources */ = {isa = PBXBuildFile; fileRef = 704BCA6022FB134C0002CCDF /* AppDelegate.swift */; };
		704BCA6322FB134C0002CCDF /* ViewController.swift in Sources */ = {isa = PBXBuildFile; fileRef = 704BCA6222FB134C0002CCDF /* ViewController.swift */; };
		704BCA6622FB134C0002CCDF /* Main.storyboard in Resources */ = {isa = PBXBuildFile; fileRef = 704BCA6422FB134C0002CCDF /* Main.storyboard */; };
		704BCA6822FB134E0002CCDF /* Assets.xcassets in Resources */ = {isa = PBXBuildFile; fileRef = 704BCA6722FB134E0002CCDF /* Assets.xcassets */; };
		704BCA6B22FB134E0002CCDF /* LaunchScreen.storyboard in Resources */ = {isa = PBXBuildFile; fileRef = 704BCA6922FB134E0002CCDF /* LaunchScreen.storyboard */; };
/* End PBXBuildFile section */

/* Begin PBXFileReference section */
		704BCA5D22FB134C0002CCDF /* PopUpcustom.app */ = {isa = PBXFileReference; explicitFileType = wrapper.application; includeInIndex = 0; path = PopUpcustom.app; sourceTree = BUILT_PRODUCTS_DIR; };
		704BCA6022FB134C0002CCDF /* AppDelegate.swift */ = {isa = PBXFileReference; lastKnownFileType = sourcecode.swift; path = AppDelegate.swift; sourceTree = "<group>"; };
		704BCA6222FB134C0002CCDF /* ViewController.swift */ = {isa = PBXFileReference; lastKnownFileType = sourcecode.swift; path = ViewController.swift; sourceTree = "<group>"; };
		704BCA6522FB134C0002CCDF /* Base */ = {isa = PBXFileReference; lastKnownFileType = file.storyboard; name = Base; path = Base.lproj/Main.storyboard; sourceTree = "<group>"; };
		704BCA6722FB134E0002CCDF /* Assets.xcassets */ = {isa = PBXFileReference; lastKnownFileType = folder.assetcatalog; path = Assets.xcassets; sourceTree = "<group>"; };
		704BCA6A22FB134E0002CCDF /* Base */ = {isa = PBXFileReference; lastKnownFileType = file.storyboard; name = Base; path = Base.lproj/LaunchScreen.storyboard; sourceTree = "<group>"; };
		704BCA6C22FB134E0002CCDF /* Info.plist */ = {isa = PBXFileReference; lastKnownFileType = text.plist.xml; path = Info.plist; sourceTree = "<group>"; };
/* End PBXFileReference section */

/* Begin PBXFrameworksBuildPhase section */
		704BCA5A22FB134C0002CCDF /* Frameworks */ = {
			isa = PBXFrameworksBuildPhase;
			buildActionMask = 2147483647;
			files = (
			);
			runOnlyForDeploymentPostprocessing = 0;
		};
/* End PBXFrameworksBuildPhase section */

/* Begin PBXGroup section */
		704BCA5422FB134C0002CCDF = {
			isa = PBXGroup;
			children = (
				704BCA5F22FB134C0002CCDF /* PopUpcustom */,
				704BCA5E22FB134C0002CCDF /* Products */,
			);
			sourceTree = "<group>";
		};
		704BCA5E22FB134C0002CCDF /* Products */ = {
			isa = PBXGroup;
			children = (
				704BCA5D22FB134C0002CCDF /* PopUpcustom.app */,
			);
			name = Products;
			sourceTree = "<group>";
		};
		704BCA5F22FB134C0002CCDF /* PopUpcustom */ = {
			isa = PBXGroup;
			children = (
				704BCA6022FB134C0002CCDF /* AppDelegate.swift */,
				704BCA6222FB134C0002CCDF /* ViewController.swift */,
				704BCA6422FB134C0002CCDF /* Main.storyboard */,
				704BCA6722FB134E0002CCDF /* Assets.xcassets */,
				704BCA6922FB134E0002CCDF /* LaunchScreen.storyboard */,
				704BCA6C22FB134E0002CCDF /* Info.plist */,
			);
			path = PopUpcustom;
			sourceTree = "<group>";
		};
/* End PBXGroup section */

/* Begin PBXNativeTarget section */
		704BCA5C22FB134C0002CCDF /* PopUpcustom */ = {
			isa = PBXNativeTarget;
			buildConfigurationList = 704BCA6F22FB134E0002CCDF /* Build configuration list for PBXNativeTarget "PopUpcustom" */;
			buildPhases = (
				704BCA5922FB134C0002CCDF /* Sources */,
				704BCA5A22FB134C0002CCDF /* Frameworks */,
				704BCA5B22FB134C0002CCDF /* Resources */,
			);
			buildRules = (
			);
			dependencies = (
			);
			name = PopUpcustom;
			productName = PopUpcustom;
			productReference = 704BCA5D22FB134C0002CCDF /* PopUpcustom.app */;
			productType = "com.apple.product-type.application";
		};
/* End PBXNativeTarget section */

/* Begin PBXProject section */
		704BCA5522FB134C0002CCDF /* Project object */ = {
			isa = PBXProject;
			attributes = {
				LastSwiftUpdateCheck = 1030;
				LastUpgradeCheck = 1030;
				ORGANIZATIONNAME = "Gusti Hidayat";
				TargetAttributes = {
					704BCA5C22FB134C0002CCDF = {
						CreatedOnToolsVersion = 10.3;
					};
				};
			};
			buildConfigurationList = 704BCA5822FB134C0002CCDF /* Build configuration list for PBXProject "PopUpcustom" */;
			compatibilityVersion = "Xcode 9.3";
			developmentRegion = en;
			hasScannedForEncodings = 0;
			knownRegions = (
				en,
				Base,
			);
			mainGroup = 704BCA5422FB134C0002CCDF;
			productRefGroup = 704BCA5E22FB134C0002CCDF /* Products */;
			projectDirPath = "";
			projectRoot = "";
			targets = (
				704BCA5C22FB134C0002CCDF /* PopUpcustom */,
			);
		};
/* End PBXProject section */

/* Begin PBXResourcesBuildPhase section */
		704BCA5B22FB134C0002CCDF /* Resources */ = {
			isa = PBXResourcesBuildPhase;
			buildActionMask = 2147483647;
			files = (
				704BCA6B22FB134E0002CCDF /* LaunchScreen.storyboard in Resources */,
				704BCA6822FB134E0002CCDF /* Assets.xcassets in Resources */,
				704BCA6622FB134C0002CCDF /* Main.storyboard in Resources */,
			);
			runOnlyForDeploymentPostprocessing = 0;
		};
/* End PBXResourcesBuildPhase section */

/* Begin PBXSourcesBuildPhase section */
		704BCA5922FB134C0002CCDF /* Sources */ = {
			isa = PBXSourcesBuildPhase;
			buildActionMask = 2147483647;
			files = (
				704BCA6322FB134C0002CCDF /* ViewController.swift in Sources */,
				704BCA6122FB134C0002CCDF /* AppDelegate.swift in Sources */,
			);
			runOnlyForDeploymentPostprocessing = 0;
		};
/* End PBXSourcesBuildPhase section */

/* Begin PBXVariantGroup section */
		704BCA6422FB134C0002CCDF /* Main.storyboard */ = {
			isa = PBXVariantGroup;
			children = (
				704BCA6522FB134C0002CCDF /* Base */,
			);
			name = Main.storyboard;
			sourceTree = "<group>";
		};
		704BCA6922FB134E0002CCDF /* LaunchScreen.storyboard */ = {
			isa = PBXVariantGroup;
			children = (
				704BCA6A22FB134E0002CCDF /* Base */,
			);
			name = LaunchScreen.storyboard;
			sourceTree = "<group>";
		};
/* End PBXVariantGroup section */

/* Begin XCBuildConfiguration section */
		704BCA6D22FB134E0002CCDF /* Debug */ = {
			isa = XCBuildConfiguration;
			buildSettings = {
				ALWAYS_SEARCH_USER_PATHS = NO;
				CLANG_ANALYZER_NONNULL = YES;
				CLANG_ANALYZER_NUMBER_OBJECT_CONVERSION = YES_AGGRESSIVE;
				CLANG_CXX_LANGUAGE_STANDARD = "gnu++14";
				CLANG_CXX_LIBRARY = "libc++";
				CLANG_ENABLE_MODULES = YES;
				CLANG_ENABLE_OBJC_ARC = YES;
				CLANG_ENABLE_OBJC_WEAK = YES;
				CLANG_WARN_BLOCK_CAPTURE_AUTORELEASING = YES;
				CLANG_WARN_BOOL_CONVERSION = YES;
				CLANG_WARN_COMMA = YES;
				CLANG_WARN_CONSTANT_CONVERSION = YES;
				CLANG_WARN_DEPRECATED_OBJC_IMPLEMENTATIONS = YES;
				CLANG_WARN_DIRECT_OBJC_ISA_USAGE = YES_ERROR;
				CLANG_WARN_DOCUMENTATION_COMMENTS = YES;
				CLANG_WARN_EMPTY_BODY = YES;
				CLANG_WARN_ENUM_CONVERSION = YES;
				CLANG_WARN_INFINITE_RECURSION = YES;
				CLANG_WARN_INT_CONVERSION = YES;
				CLANG_WARN_NON_LITERAL_NULL_CONVERSION = YES;
				CLANG_WARN_OBJC_IMPLICIT_RETAIN_SELF = YES;
				CLANG_WARN_OBJC_LITERAL_CONVERSION = YES;
				CLANG_WARN_OBJC_ROOT_CLASS = YES_ERROR;
				CLANG_WARN_RANGE_LOOP_ANALYSIS = YES;
				CLANG_WARN_STRICT_PROTOTYPES = YES;
				CLANG_WARN_SUSPICIOUS_MOVE = YES;
				CLANG_WARN_UNGUARDED_AVAILABILITY = YES_AGGRESSIVE;
				CLANG_WARN_UNREACHABLE_CODE = YES;
				CLANG_WARN__DUPLICATE_METHOD_MATCH = YES;
				CODE_SIGN_IDENTITY = "iPhone Developer";
				COPY_PHASE_STRIP = NO;
				DEBUG_INFORMATION_FORMAT = dwarf;
				ENABLE_STRICT_OBJC_MSGSEND = YES;
				ENABLE_TESTABILITY = YES;
				GCC_C_LANGUAGE_STANDARD = gnu11;
				GCC_DYNAMIC_NO_PIC = NO;
				GCC_NO_COMMON_BLOCKS = YES;
				GCC_OPTIMIZATION_LEVEL = 0;
				GCC_PREPROCESSOR_DEFINITIONS = (
					"DEBUG=1",
					"$(inherited)",
				);
				GCC_WARN_64_TO_32_BIT_CONVERSION = YES;
				GCC_WARN_ABOUT_RETURN_TYPE = YES_ERROR;
				GCC_WARN_UNDECLARED_SELECTOR = YES;
				GCC_WARN_UNINITIALIZED_AUTOS = YES_AGGRESSIVE;
				GCC_WARN_UNUSED_FUNCTION = YES;
				GCC_WARN_UNUSED_VARIABLE = YES;
				IPHONEOS_DEPLOYMENT_TARGET = 12.4;
				MTL_ENABLE_DEBUG_INFO = INCLUDE_SOURCE;
				MTL_FAST_MATH = YES;
				ONLY_ACTIVE_ARCH = YES;
				SDKROOT = iphoneos;
				SWIFT_ACTIVE_COMPILATION_CONDITIONS = DEBUG;
				SWIFT_OPTIMIZATION_LEVEL = "-Onone";
			};
			name = Debug;
		};
		704BCA6E22FB134E0002CCDF /* Release */ = {
			isa = XCBuildConfiguration;
			buildSettings = {
				ALWAYS_SEARCH_USER_PATHS = NO;
				CLANG_ANALYZER_NONNULL = YES;
				CLANG_ANALYZER_NUMBER_OBJECT_CONVERSION = YES_AGGRESSIVE;
				CLANG_CXX_LANGUAGE_STANDARD = "gnu++14";
				CLANG_CXX_LIBRARY = "libc++";
				CLANG_ENABLE_MODULES = YES;
				CLANG_ENABLE_OBJC_ARC = YES;
				CLANG_ENABLE_OBJC_WEAK = YES;
				CLANG_WARN_BLOCK_CAPTURE_AUTORELEASING = YES;
				CLANG_WARN_BOOL_CONVERSION = YES;
				CLANG_WARN_COMMA = YES;
				CLANG_WARN_CONSTANT_CONVERSION = YES;
				CLANG_WARN_DEPRECATED_OBJC_IMPLEMENTATIONS = YES;
				CLANG_WARN_DIRECT_OBJC_ISA_USAGE = YES_ERROR;
				CLANG_WARN_DOCUMENTATION_COMMENTS = YES;
				CLANG_WARN_EMPTY_BODY = YES;
				CLANG_WARN_ENUM_CONVERSION = YES;
				CLANG_WARN_INFINITE_RECURSION = YES;
				CLANG_WARN_INT_CONVERSION = YES;
				CLANG_WARN_NON_LITERAL_NULL_CONVERSION = YES;
				CLANG_WARN_OBJC_IMPLICIT_RETAIN_SELF = YES;
				CLANG_WARN_OBJC_LITERAL_CONVERSION = YES;
				CLANG_WARN_OBJC_ROOT_CLASS = YES_ERROR;
				CLANG_WARN_RANGE_LOOP_ANALYSIS = YES;
				CLANG_WARN_STRICT_PROTOTYPES = YES;
				CLANG_WARN_SUSPICIOUS_MOVE = YES;
				CLANG_WARN_UNGUARDED_AVAILABILITY = YES_AGGRESSIVE;
				CLANG_WARN_UNREACHABLE_CODE = YES;
				CLANG_WARN__DUPLICATE_METHOD_MATCH = YES;
				CODE_SIGN_IDENTITY = "iPhone Developer";
				COPY_PHASE_STRIP = NO;
				DEBUG_INFORMATION_FORMAT = "dwarf-with-dsym";
				ENABLE_NS_ASSERTIONS = NO;
				ENABLE_STRICT_OBJC_MSGSEND = YES;
				GCC_C_LANGUAGE_STANDARD = gnu11;
				GCC_NO_COMMON_BLOCKS = YES;
				GCC_WARN_64_TO_32_BIT_CONVERSION = YES;
				GCC_WARN_ABOUT_RETURN_TYPE = YES_ERROR;
				GCC_WARN_UNDECLARED_SELECTOR = YES;
				GCC_WARN_UNINITIALIZED_AUTOS = YES_AGGRESSIVE;
				GCC_WARN_UNUSED_FUNCTION = YES;
				GCC_WARN_UNUSED_VARIABLE = YES;
				IPHONEOS_DEPLOYMENT_TARGET = 12.4;
				MTL_ENABLE_DEBUG_INFO = NO;
				MTL_FAST_MATH = YES;
				SDKROOT = iphoneos;
				SWIFT_COMPILATION_MODE = wholemodule;
				SWIFT_OPTIMIZATION_LEVEL = "-O";
				VALIDATE_PRODUCT = YES;
			};
			name = Release;
		};
		704BCA7022FB134E0002CCDF /* Debug */ = {
			isa = XCBuildConfiguration;
			buildSettings = {
				ASSETCATALOG_COMPILER_APPICON_NAME = AppIcon;
				CODE_SIGN_STYLE = Automatic;
				DEVELOPMENT_TEAM = 86J3A4JS4Q;
				INFOPLIST_FILE = PopUpcustom/Info.plist;
				LD_RUNPATH_SEARCH_PATHS = (
					"$(inherited)",
					"@executable_path/Frameworks",
				);
				PRODUCT_BUNDLE_IDENTIFIER = com.test.PopUpcustom;
				PRODUCT_NAME = "$(TARGET_NAME)";
				SWIFT_VERSION = 5.0;
				TARGETED_DEVICE_FAMILY = "1,2";
			};
			name = Debug;
		};
		704BCA7122FB134E0002CCDF /* Release */ = {
			isa = XCBuildConfiguration;
			buildSettings = {
				ASSETCATALOG_COMPILER_APPICON_NAME = AppIcon;
				CODE_SIGN_STYLE = Automatic;
				DEVELOPMENT_TEAM = 86J3A4JS4Q;
				INFOPLIST_FILE = PopUpcustom/Info.plist;
				LD_RUNPATH_SEARCH_PATHS = (
					"$(inherited)",
					"@executable_path/Frameworks",
				);
				PRODUCT_BUNDLE_IDENTIFIER = com.test.PopUpcustom;
				PRODUCT_NAME = "$(TARGET_NAME)";
				SWIFT_VERSION = 5.0;
				TARGETED_DEVICE_FAMILY = "1,2";
			};
			name = Release;
		};
/* End XCBuildConfiguration section */

/* Begin XCConfigurationList section */
		704BCA5822FB134C0002CCDF /* Build configuration list for PBXProject "PopUpcustom" */ = {
			isa = XCConfigurationList;
			buildConfigurations = (
				704BCA6D22FB134E0002CCDF /* Debug */,
				704BCA6E22FB134E0002CCDF /* Release */,
			);
			defaultConfigurationIsVisible = 0;
			defaultConfigurationName = Release;
		};
		704BCA6F22FB134E0002CCDF /* Build configuration list for PBXNativeTarget "PopUpcustom" */ = {
			isa = XCConfigurationList;
			buildConfigurations = (
				704BCA7022FB134E0002CCDF /* Debug */,
				704BCA7122FB134E0002CCDF /* Release */,
			);
			defaultConfigurationIsVisible = 0;
			defaultConfigurationName = Release;
		};
/* End XCConfigurationList section */
	};
	rootObject = 704BCA5522FB134C0002CCDF /* Project object */;
}
